// !$*UTF8*$!
{
	archiveVersion = 1;
	classes = {
	};
	objectVersion = 56;
	objects = {

/* Begin PBXBuildFile section */
		E9AC518D2A9949AE00319A7D /* WeatherApp.swift in Sources */ = {isa = PBXBuildFile; fileRef = E9AC518C2A9949AE00319A7D /* WeatherApp.swift */; };
		E9AC518F2A9949AE00319A7D /* ContentView.swift in Sources */ = {isa = PBXBuildFile; fileRef = E9AC518E2A9949AE00319A7D /* ContentView.swift */; };
		E9AC51912A9949AF00319A7D /* Assets.xcassets in Resources */ = {isa = PBXBuildFile; fileRef = E9AC51902A9949AF00319A7D /* Assets.xcassets */; };
		E9AC51942A9949AF00319A7D /* Preview Assets.xcassets in Resources */ = {isa = PBXBuildFile; fileRef = E9AC51932A9949AF00319A7D /* Preview Assets.xcassets */; };
		E9AC519E2A9949AF00319A7D /* WeatherTests.swift in Sources */ = {isa = PBXBuildFile; fileRef = E9AC519D2A9949AF00319A7D /* WeatherTests.swift */; };
		E9AC51A82A9949AF00319A7D /* WeatherUITests.swift in Sources */ = {isa = PBXBuildFile; fileRef = E9AC51A72A9949AF00319A7D /* WeatherUITests.swift */; };
		E9AC51AA2A9949AF00319A7D /* WeatherUITestsLaunchTests.swift in Sources */ = {isa = PBXBuildFile; fileRef = E9AC51A92A9949AF00319A7D /* WeatherUITestsLaunchTests.swift */; };
		E9AC51B82A99520300319A7D /* LocationManager.swift in Sources */ = {isa = PBXBuildFile; fileRef = E9AC51B72A99520300319A7D /* LocationManager.swift */; };
		E9AC51BB2A9957EF00319A7D /* WelcomeView.swift in Sources */ = {isa = PBXBuildFile; fileRef = E9AC51BA2A9957EF00319A7D /* WelcomeView.swift */; };
		E9AC51BD2A99643C00319A7D /* LoadingView.swift in Sources */ = {isa = PBXBuildFile; fileRef = E9AC51BC2A99643C00319A7D /* LoadingView.swift */; };
		E9AC51C02A99667100319A7D /* NetworkManager.swift in Sources */ = {isa = PBXBuildFile; fileRef = E9AC51BF2A99667100319A7D /* NetworkManager.swift */; };
		E9AC51C32A996BC000319A7D /* CurrentWeatherModel.swift in Sources */ = {isa = PBXBuildFile; fileRef = E9AC51C22A996BC000319A7D /* CurrentWeatherModel.swift */; };
		E9AC51C62A996E4600319A7D /* WeatherViewModel.swift in Sources */ = {isa = PBXBuildFile; fileRef = E9AC51C52A996E4600319A7D /* WeatherViewModel.swift */; };
		E9AC51C82A99B18100319A7D /* LoadData.swift in Sources */ = {isa = PBXBuildFile; fileRef = E9AC51C72A99B18100319A7D /* LoadData.swift */; };
		E9AC51CA2A99B1DD00319A7D /* WeatherData.json in Resources */ = {isa = PBXBuildFile; fileRef = E9AC51C92A99B1DD00319A7D /* WeatherData.json */; };
		E9AC51CC2A99B26B00319A7D /* HomeView.swift in Sources */ = {isa = PBXBuildFile; fileRef = E9AC51CB2A99B26B00319A7D /* HomeView.swift */; };
		E9AC51CF2A99B35000319A7D /* Extension.swift in Sources */ = {isa = PBXBuildFile; fileRef = E9AC51CE2A99B35000319A7D /* Extension.swift */; };
		E9AC51D12A99CFBB00319A7D /* ForecastedWeatherModel.swift in Sources */ = {isa = PBXBuildFile; fileRef = E9AC51D02A99CFBB00319A7D /* ForecastedWeatherModel.swift */; };
		E9AC51D52A9A2F1A00319A7D /* ForecastView.swift in Sources */ = {isa = PBXBuildFile; fileRef = E9AC51D42A9A2F1A00319A7D /* ForecastView.swift */; };
		E9AC51D92A9A310000319A7D /* ForecastData.json in Resources */ = {isa = PBXBuildFile; fileRef = E9AC51D82A9A310000319A7D /* ForecastData.json */; };
		E9AC51DE2A9A359700319A7D /* ItemRow.swift in Sources */ = {isa = PBXBuildFile; fileRef = E9AC51DD2A9A359700319A7D /* ItemRow.swift */; };
		E9AC51E02A9A7A5600319A7D /* RoundedCorner.swift in Sources */ = {isa = PBXBuildFile; fileRef = E9AC51DF2A9A7A5600319A7D /* RoundedCorner.swift */; };
		E9AC51E42A9A7C8300319A7D /* Localizable.strings in Resources */ = {isa = PBXBuildFile; fileRef = E9AC51E62A9A7C8300319A7D /* Localizable.strings */; };
		E9B1C0382A9A9B4A00607545 /* ActionSheetErrorView.swift in Sources */ = {isa = PBXBuildFile; fileRef = E9B1C0372A9A9B4A00607545 /* ActionSheetErrorView.swift */; };
		E9B1C03A2A9AB53100607545 /* ToastErrorView.swift in Sources */ = {isa = PBXBuildFile; fileRef = E9B1C0392A9AB53100607545 /* ToastErrorView.swift */; };
		E9B1C03C2A9AC52700607545 /* CityView.swift in Sources */ = {isa = PBXBuildFile; fileRef = E9B1C03B2A9AC52700607545 /* CityView.swift */; };
/* End PBXBuildFile section */

/* Begin PBXContainerItemProxy section */
		E9AC519A2A9949AF00319A7D /* PBXContainerItemProxy */ = {
			isa = PBXContainerItemProxy;
			containerPortal = E9AC51812A9949AE00319A7D /* Project object */;
			proxyType = 1;
			remoteGlobalIDString = E9AC51882A9949AE00319A7D;
			remoteInfo = Weather;
		};
		E9AC51A42A9949AF00319A7D /* PBXContainerItemProxy */ = {
			isa = PBXContainerItemProxy;
			containerPortal = E9AC51812A9949AE00319A7D /* Project object */;
			proxyType = 1;
			remoteGlobalIDString = E9AC51882A9949AE00319A7D;
			remoteInfo = Weather;
		};
/* End PBXContainerItemProxy section */

/* Begin PBXFileReference section */
		E9AC51892A9949AE00319A7D /* Weather.app */ = {isa = PBXFileReference; explicitFileType = wrapper.application; includeInIndex = 0; path = Weather.app; sourceTree = BUILT_PRODUCTS_DIR; };
		E9AC518C2A9949AE00319A7D /* WeatherApp.swift */ = {isa = PBXFileReference; lastKnownFileType = sourcecode.swift; path = WeatherApp.swift; sourceTree = "<group>"; };
		E9AC518E2A9949AE00319A7D /* ContentView.swift */ = {isa = PBXFileReference; lastKnownFileType = sourcecode.swift; path = ContentView.swift; sourceTree = "<group>"; };
		E9AC51902A9949AF00319A7D /* Assets.xcassets */ = {isa = PBXFileReference; lastKnownFileType = folder.assetcatalog; path = Assets.xcassets; sourceTree = "<group>"; };
		E9AC51932A9949AF00319A7D /* Preview Assets.xcassets */ = {isa = PBXFileReference; lastKnownFileType = folder.assetcatalog; path = "Preview Assets.xcassets"; sourceTree = "<group>"; };
		E9AC51992A9949AF00319A7D /* WeatherTests.xctest */ = {isa = PBXFileReference; explicitFileType = wrapper.cfbundle; includeInIndex = 0; path = WeatherTests.xctest; sourceTree = BUILT_PRODUCTS_DIR; };
		E9AC519D2A9949AF00319A7D /* WeatherTests.swift */ = {isa = PBXFileReference; lastKnownFileType = sourcecode.swift; path = WeatherTests.swift; sourceTree = "<group>"; };
		E9AC51A32A9949AF00319A7D /* WeatherUITests.xctest */ = {isa = PBXFileReference; explicitFileType = wrapper.cfbundle; includeInIndex = 0; path = WeatherUITests.xctest; sourceTree = BUILT_PRODUCTS_DIR; };
		E9AC51A72A9949AF00319A7D /* WeatherUITests.swift */ = {isa = PBXFileReference; lastKnownFileType = sourcecode.swift; path = WeatherUITests.swift; sourceTree = "<group>"; };
		E9AC51A92A9949AF00319A7D /* WeatherUITestsLaunchTests.swift */ = {isa = PBXFileReference; lastKnownFileType = sourcecode.swift; path = WeatherUITestsLaunchTests.swift; sourceTree = "<group>"; };
		E9AC51B72A99520300319A7D /* LocationManager.swift */ = {isa = PBXFileReference; lastKnownFileType = sourcecode.swift; path = LocationManager.swift; sourceTree = "<group>"; };
		E9AC51BA2A9957EF00319A7D /* WelcomeView.swift */ = {isa = PBXFileReference; lastKnownFileType = sourcecode.swift; path = WelcomeView.swift; sourceTree = "<group>"; };
		E9AC51BC2A99643C00319A7D /* LoadingView.swift */ = {isa = PBXFileReference; lastKnownFileType = sourcecode.swift; path = LoadingView.swift; sourceTree = "<group>"; };
		E9AC51BF2A99667100319A7D /* NetworkManager.swift */ = {isa = PBXFileReference; lastKnownFileType = sourcecode.swift; path = NetworkManager.swift; sourceTree = "<group>"; };
		E9AC51C22A996BC000319A7D /* CurrentWeatherModel.swift */ = {isa = PBXFileReference; lastKnownFileType = sourcecode.swift; path = CurrentWeatherModel.swift; sourceTree = "<group>"; };
		E9AC51C52A996E4600319A7D /* WeatherViewModel.swift */ = {isa = PBXFileReference; lastKnownFileType = sourcecode.swift; path = WeatherViewModel.swift; sourceTree = "<group>"; };
		E9AC51C72A99B18100319A7D /* LoadData.swift */ = {isa = PBXFileReference; lastKnownFileType = sourcecode.swift; path = LoadData.swift; sourceTree = "<group>"; };
		E9AC51C92A99B1DD00319A7D /* WeatherData.json */ = {isa = PBXFileReference; lastKnownFileType = text.json; path = WeatherData.json; sourceTree = "<group>"; };
		E9AC51CB2A99B26B00319A7D /* HomeView.swift */ = {isa = PBXFileReference; lastKnownFileType = sourcecode.swift; path = HomeView.swift; sourceTree = "<group>"; };
		E9AC51CE2A99B35000319A7D /* Extension.swift */ = {isa = PBXFileReference; lastKnownFileType = sourcecode.swift; path = Extension.swift; sourceTree = "<group>"; };
		E9AC51D02A99CFBB00319A7D /* ForecastedWeatherModel.swift */ = {isa = PBXFileReference; lastKnownFileType = sourcecode.swift; path = ForecastedWeatherModel.swift; sourceTree = "<group>"; };
		E9AC51D42A9A2F1A00319A7D /* ForecastView.swift */ = {isa = PBXFileReference; lastKnownFileType = sourcecode.swift; path = ForecastView.swift; sourceTree = "<group>"; };
		E9AC51D82A9A310000319A7D /* ForecastData.json */ = {isa = PBXFileReference; lastKnownFileType = text.json; path = ForecastData.json; sourceTree = "<group>"; };
		E9AC51DD2A9A359700319A7D /* ItemRow.swift */ = {isa = PBXFileReference; lastKnownFileType = sourcecode.swift; path = ItemRow.swift; sourceTree = "<group>"; };
		E9AC51DF2A9A7A5600319A7D /* RoundedCorner.swift */ = {isa = PBXFileReference; lastKnownFileType = sourcecode.swift; path = RoundedCorner.swift; sourceTree = "<group>"; };
		E9AC51E52A9A7C8300319A7D /* en */ = {isa = PBXFileReference; lastKnownFileType = text.plist.strings; name = en; path = en.lproj/Localizable.strings; sourceTree = "<group>"; };
		E9B1C0372A9A9B4A00607545 /* ActionSheetErrorView.swift */ = {isa = PBXFileReference; lastKnownFileType = sourcecode.swift; path = ActionSheetErrorView.swift; sourceTree = "<group>"; };
		E9B1C0392A9AB53100607545 /* ToastErrorView.swift */ = {isa = PBXFileReference; lastKnownFileType = sourcecode.swift; path = ToastErrorView.swift; sourceTree = "<group>"; };
		E9B1C03B2A9AC52700607545 /* CityView.swift */ = {isa = PBXFileReference; lastKnownFileType = sourcecode.swift; path = CityView.swift; sourceTree = "<group>"; };
/* End PBXFileReference section */

/* Begin PBXFrameworksBuildPhase section */
		E9AC51862A9949AE00319A7D /* Frameworks */ = {
			isa = PBXFrameworksBuildPhase;
			buildActionMask = 2147483647;
			files = (
			);
			runOnlyForDeploymentPostprocessing = 0;
		};
		E9AC51962A9949AF00319A7D /* Frameworks */ = {
			isa = PBXFrameworksBuildPhase;
			buildActionMask = 2147483647;
			files = (
			);
			runOnlyForDeploymentPostprocessing = 0;
		};
		E9AC51A02A9949AF00319A7D /* Frameworks */ = {
			isa = PBXFrameworksBuildPhase;
			buildActionMask = 2147483647;
			files = (
			);
			runOnlyForDeploymentPostprocessing = 0;
		};
/* End PBXFrameworksBuildPhase section */

/* Begin PBXGroup section */
		E9AC51802A9949AE00319A7D = {
			isa = PBXGroup;
			children = (
				E9AC518B2A9949AE00319A7D /* Weather */,
				E9AC519C2A9949AF00319A7D /* WeatherTests */,
				E9AC51A62A9949AF00319A7D /* WeatherUITests */,
				E9AC518A2A9949AE00319A7D /* Products */,
			);
			sourceTree = "<group>";
		};
		E9AC518A2A9949AE00319A7D /* Products */ = {
			isa = PBXGroup;
			children = (
				E9AC51892A9949AE00319A7D /* Weather.app */,
				E9AC51992A9949AF00319A7D /* WeatherTests.xctest */,
				E9AC51A32A9949AF00319A7D /* WeatherUITests.xctest */,
			);
			name = Products;
			sourceTree = "<group>";
		};
		E9AC518B2A9949AE00319A7D /* Weather */ = {
			isa = PBXGroup;
			children = (
				E9AC51E12A9A7C5A00319A7D /* Assets */,
				E9AC51CD2A99B33500319A7D /* Helpers */,
				E9AC51C12A996B8E00319A7D /* Models */,
				E9AC51BE2A99665B00319A7D /* Network */,
				E9AC51C42A996CFE00319A7D /* ViewModels */,
				E9AC51B92A99571700319A7D /* Views */,
				E9AC51B62A9951D200319A7D /* Managers */,
				E9AC518C2A9949AE00319A7D /* WeatherApp.swift */,
				E9AC51922A9949AF00319A7D /* Preview Content */,
			);
			path = Weather;
			sourceTree = "<group>";
		};
		E9AC51922A9949AF00319A7D /* Preview Content */ = {
			isa = PBXGroup;
			children = (
				E9AC51932A9949AF00319A7D /* Preview Assets.xcassets */,
				E9AC51C72A99B18100319A7D /* LoadData.swift */,
				E9AC51C92A99B1DD00319A7D /* WeatherData.json */,
				E9AC51D82A9A310000319A7D /* ForecastData.json */,
			);
			path = "Preview Content";
			sourceTree = "<group>";
		};
		E9AC519C2A9949AF00319A7D /* WeatherTests */ = {
			isa = PBXGroup;
			children = (
				E9AC519D2A9949AF00319A7D /* WeatherTests.swift */,
			);
			path = WeatherTests;
			sourceTree = "<group>";
		};
		E9AC51A62A9949AF00319A7D /* WeatherUITests */ = {
			isa = PBXGroup;
			children = (
				E9AC51A72A9949AF00319A7D /* WeatherUITests.swift */,
				E9AC51A92A9949AF00319A7D /* WeatherUITestsLaunchTests.swift */,
			);
			path = WeatherUITests;
			sourceTree = "<group>";
		};
		E9AC51B62A9951D200319A7D /* Managers */ = {
			isa = PBXGroup;
			children = (
				E9AC51B72A99520300319A7D /* LocationManager.swift */,
			);
			path = Managers;
			sourceTree = "<group>";
		};
		E9AC51B92A99571700319A7D /* Views */ = {
			isa = PBXGroup;
			children = (
				E9AC51DA2A9A34F900319A7D /* Components */,
				E9AC51E72A9A979C00319A7D /* ErrorHandling */,
				E9AC518E2A9949AE00319A7D /* ContentView.swift */,
				E9AC51BA2A9957EF00319A7D /* WelcomeView.swift */,
				E9AC51BC2A99643C00319A7D /* LoadingView.swift */,
				E9AC51CB2A99B26B00319A7D /* HomeView.swift */,
				E9AC51D42A9A2F1A00319A7D /* ForecastView.swift */,
			);
			path = Views;
			sourceTree = "<group>";
		};
		E9AC51BE2A99665B00319A7D /* Network */ = {
			isa = PBXGroup;
			children = (
				E9AC51BF2A99667100319A7D /* NetworkManager.swift */,
			);
			path = Network;
			sourceTree = "<group>";
		};
		E9AC51C12A996B8E00319A7D /* Models */ = {
			isa = PBXGroup;
			children = (
				E9AC51C22A996BC000319A7D /* CurrentWeatherModel.swift */,
				E9AC51D02A99CFBB00319A7D /* ForecastedWeatherModel.swift */,
			);
			path = Models;
			sourceTree = "<group>";
		};
		E9AC51C42A996CFE00319A7D /* ViewModels */ = {
			isa = PBXGroup;
			children = (
				E9AC51C52A996E4600319A7D /* WeatherViewModel.swift */,
			);
			path = ViewModels;
			sourceTree = "<group>";
		};
		E9AC51CD2A99B33500319A7D /* Helpers */ = {
			isa = PBXGroup;
			children = (
				E9AC51CE2A99B35000319A7D /* Extension.swift */,
				E9AC51DF2A9A7A5600319A7D /* RoundedCorner.swift */,
			);
			path = Helpers;
			sourceTree = "<group>";
		};
		E9AC51DA2A9A34F900319A7D /* Components */ = {
			isa = PBXGroup;
			children = (
				E9AC51DD2A9A359700319A7D /* ItemRow.swift */,
				E9B1C03B2A9AC52700607545 /* CityView.swift */,
			);
			path = Components;
			sourceTree = "<group>";
		};
		E9AC51E12A9A7C5A00319A7D /* Assets */ = {
			isa = PBXGroup;
			children = (
				E9AC51902A9949AF00319A7D /* Assets.xcassets */,
				E9AC51E62A9A7C8300319A7D /* Localizable.strings */,
			);
			path = Assets;
			sourceTree = "<group>";
		};
		E9AC51E72A9A979C00319A7D /* ErrorHandling */ = {
			isa = PBXGroup;
			children = (
				E9B1C0372A9A9B4A00607545 /* ActionSheetErrorView.swift */,
				E9B1C0392A9AB53100607545 /* ToastErrorView.swift */,
			);
			path = ErrorHandling;
			sourceTree = "<group>";
		};
/* End PBXGroup section */

/* Begin PBXNativeTarget section */
		E9AC51882A9949AE00319A7D /* Weather */ = {
			isa = PBXNativeTarget;
			buildConfigurationList = E9AC51AD2A9949AF00319A7D /* Build configuration list for PBXNativeTarget "Weather" */;
			buildPhases = (
				E9AC51852A9949AE00319A7D /* Sources */,
				E9AC51862A9949AE00319A7D /* Frameworks */,
				E9AC51872A9949AE00319A7D /* Resources */,
			);
			buildRules = (
			);
			dependencies = (
			);
			name = Weather;
			productName = Weather;
			productReference = E9AC51892A9949AE00319A7D /* Weather.app */;
			productType = "com.apple.product-type.application";
		};
		E9AC51982A9949AF00319A7D /* WeatherTests */ = {
			isa = PBXNativeTarget;
			buildConfigurationList = E9AC51B02A9949AF00319A7D /* Build configuration list for PBXNativeTarget "WeatherTests" */;
			buildPhases = (
				E9AC51952A9949AF00319A7D /* Sources */,
				E9AC51962A9949AF00319A7D /* Frameworks */,
				E9AC51972A9949AF00319A7D /* Resources */,
			);
			buildRules = (
			);
			dependencies = (
				E9AC519B2A9949AF00319A7D /* PBXTargetDependency */,
			);
			name = WeatherTests;
			productName = WeatherTests;
			productReference = E9AC51992A9949AF00319A7D /* WeatherTests.xctest */;
			productType = "com.apple.product-type.bundle.unit-test";
		};
		E9AC51A22A9949AF00319A7D /* WeatherUITests */ = {
			isa = PBXNativeTarget;
			buildConfigurationList = E9AC51B32A9949AF00319A7D /* Build configuration list for PBXNativeTarget "WeatherUITests" */;
			buildPhases = (
				E9AC519F2A9949AF00319A7D /* Sources */,
				E9AC51A02A9949AF00319A7D /* Frameworks */,
				E9AC51A12A9949AF00319A7D /* Resources */,
			);
			buildRules = (
			);
			dependencies = (
				E9AC51A52A9949AF00319A7D /* PBXTargetDependency */,
			);
			name = WeatherUITests;
			productName = WeatherUITests;
			productReference = E9AC51A32A9949AF00319A7D /* WeatherUITests.xctest */;
			productType = "com.apple.product-type.bundle.ui-testing";
		};
/* End PBXNativeTarget section */

/* Begin PBXProject section */
		E9AC51812A9949AE00319A7D /* Project object */ = {
			isa = PBXProject;
			attributes = {
				BuildIndependentTargetsInParallel = 1;
				LastSwiftUpdateCheck = 1430;
				LastUpgradeCheck = 1430;
				TargetAttributes = {
					E9AC51882A9949AE00319A7D = {
						CreatedOnToolsVersion = 14.3.1;
					};
					E9AC51982A9949AF00319A7D = {
						CreatedOnToolsVersion = 14.3.1;
						TestTargetID = E9AC51882A9949AE00319A7D;
					};
					E9AC51A22A9949AF00319A7D = {
						CreatedOnToolsVersion = 14.3.1;
						TestTargetID = E9AC51882A9949AE00319A7D;
					};
				};
			};
			buildConfigurationList = E9AC51842A9949AE00319A7D /* Build configuration list for PBXProject "Weather" */;
			compatibilityVersion = "Xcode 14.0";
			developmentRegion = en;
			hasScannedForEncodings = 0;
			knownRegions = (
				en,
				Base,
			);
			mainGroup = E9AC51802A9949AE00319A7D;
			productRefGroup = E9AC518A2A9949AE00319A7D /* Products */;
			projectDirPath = "";
			projectRoot = "";
			targets = (
				E9AC51882A9949AE00319A7D /* Weather */,
				E9AC51982A9949AF00319A7D /* WeatherTests */,
				E9AC51A22A9949AF00319A7D /* WeatherUITests */,
			);
		};
/* End PBXProject section */

/* Begin PBXResourcesBuildPhase section */
		E9AC51872A9949AE00319A7D /* Resources */ = {
			isa = PBXResourcesBuildPhase;
			buildActionMask = 2147483647;
			files = (
				E9AC51E42A9A7C8300319A7D /* Localizable.strings in Resources */,
				E9AC51CA2A99B1DD00319A7D /* WeatherData.json in Resources */,
				E9AC51942A9949AF00319A7D /* Preview Assets.xcassets in Resources */,
				E9AC51D92A9A310000319A7D /* ForecastData.json in Resources */,
				E9AC51912A9949AF00319A7D /* Assets.xcassets in Resources */,
			);
			runOnlyForDeploymentPostprocessing = 0;
		};
		E9AC51972A9949AF00319A7D /* Resources */ = {
			isa = PBXResourcesBuildPhase;
			buildActionMask = 2147483647;
			files = (
			);
			runOnlyForDeploymentPostprocessing = 0;
		};
		E9AC51A12A9949AF00319A7D /* Resources */ = {
			isa = PBXResourcesBuildPhase;
			buildActionMask = 2147483647;
			files = (
			);
			runOnlyForDeploymentPostprocessing = 0;
		};
/* End PBXResourcesBuildPhase section */

/* Begin PBXSourcesBuildPhase section */
		E9AC51852A9949AE00319A7D /* Sources */ = {
			isa = PBXSourcesBuildPhase;
			buildActionMask = 2147483647;
			files = (
				E9AC51C02A99667100319A7D /* NetworkManager.swift in Sources */,
				E9B1C0382A9A9B4A00607545 /* ActionSheetErrorView.swift in Sources */,
				E9AC518F2A9949AE00319A7D /* ContentView.swift in Sources */,
				E9AC518D2A9949AE00319A7D /* WeatherApp.swift in Sources */,
				E9AC51DE2A9A359700319A7D /* ItemRow.swift in Sources */,
				E9AC51CC2A99B26B00319A7D /* HomeView.swift in Sources */,
				E9AC51CF2A99B35000319A7D /* Extension.swift in Sources */,
				E9B1C03C2A9AC52700607545 /* CityView.swift in Sources */,
				E9B1C03A2A9AB53100607545 /* ToastErrorView.swift in Sources */,
				E9AC51B82A99520300319A7D /* LocationManager.swift in Sources */,
				E9AC51D52A9A2F1A00319A7D /* ForecastView.swift in Sources */,
				E9AC51BD2A99643C00319A7D /* LoadingView.swift in Sources */,
				E9AC51C62A996E4600319A7D /* WeatherViewModel.swift in Sources */,
				E9AC51D12A99CFBB00319A7D /* ForecastedWeatherModel.swift in Sources */,
				E9AC51C32A996BC000319A7D /* CurrentWeatherModel.swift in Sources */,
				E9AC51E02A9A7A5600319A7D /* RoundedCorner.swift in Sources */,
				E9AC51BB2A9957EF00319A7D /* WelcomeView.swift in Sources */,
				E9AC51C82A99B18100319A7D /* LoadData.swift in Sources */,
			);
			runOnlyForDeploymentPostprocessing = 0;
		};
		E9AC51952A9949AF00319A7D /* Sources */ = {
			isa = PBXSourcesBuildPhase;
			buildActionMask = 2147483647;
			files = (
				E9AC519E2A9949AF00319A7D /* WeatherTests.swift in Sources */,
			);
			runOnlyForDeploymentPostprocessing = 0;
		};
		E9AC519F2A9949AF00319A7D /* Sources */ = {
			isa = PBXSourcesBuildPhase;
			buildActionMask = 2147483647;
			files = (
				E9AC51A82A9949AF00319A7D /* WeatherUITests.swift in Sources */,
				E9AC51AA2A9949AF00319A7D /* WeatherUITestsLaunchTests.swift in Sources */,
			);
			runOnlyForDeploymentPostprocessing = 0;
		};
/* End PBXSourcesBuildPhase section */

/* Begin PBXTargetDependency section */
		E9AC519B2A9949AF00319A7D /* PBXTargetDependency */ = {
			isa = PBXTargetDependency;
			target = E9AC51882A9949AE00319A7D /* Weather */;
			targetProxy = E9AC519A2A9949AF00319A7D /* PBXContainerItemProxy */;
		};
		E9AC51A52A9949AF00319A7D /* PBXTargetDependency */ = {
			isa = PBXTargetDependency;
			target = E9AC51882A9949AE00319A7D /* Weather */;
			targetProxy = E9AC51A42A9949AF00319A7D /* PBXContainerItemProxy */;
		};
/* End PBXTargetDependency section */

/* Begin PBXVariantGroup section */
		E9AC51E62A9A7C8300319A7D /* Localizable.strings */ = {
			isa = PBXVariantGroup;
			children = (
				E9AC51E52A9A7C8300319A7D /* en */,
			);
			name = Localizable.strings;
			sourceTree = "<group>";
		};
/* End PBXVariantGroup section */

/* Begin XCBuildConfiguration section */
		E9AC51AB2A9949AF00319A7D /* Debug */ = {
			isa = XCBuildConfiguration;
			buildSettings = {
				ALWAYS_SEARCH_USER_PATHS = NO;
				CLANG_ANALYZER_NONNULL = YES;
				CLANG_ANALYZER_NUMBER_OBJECT_CONVERSION = YES_AGGRESSIVE;
				CLANG_CXX_LANGUAGE_STANDARD = "gnu++20";
				CLANG_ENABLE_MODULES = YES;
				CLANG_ENABLE_OBJC_ARC = YES;
				CLANG_ENABLE_OBJC_WEAK = YES;
				CLANG_WARN_BLOCK_CAPTURE_AUTORELEASING = YES;
				CLANG_WARN_BOOL_CONVERSION = YES;
				CLANG_WARN_COMMA = YES;
				CLANG_WARN_CONSTANT_CONVERSION = YES;
				CLANG_WARN_DEPRECATED_OBJC_IMPLEMENTATIONS = YES;
				CLANG_WARN_DIRECT_OBJC_ISA_USAGE = YES_ERROR;
				CLANG_WARN_DOCUMENTATION_COMMENTS = YES;
				CLANG_WARN_EMPTY_BODY = YES;
				CLANG_WARN_ENUM_CONVERSION = YES;
				CLANG_WARN_INFINITE_RECURSION = YES;
				CLANG_WARN_INT_CONVERSION = YES;
				CLANG_WARN_NON_LITERAL_NULL_CONVERSION = YES;
				CLANG_WARN_OBJC_IMPLICIT_RETAIN_SELF = YES;
				CLANG_WARN_OBJC_LITERAL_CONVERSION = YES;
				CLANG_WARN_OBJC_ROOT_CLASS = YES_ERROR;
				CLANG_WARN_QUOTED_INCLUDE_IN_FRAMEWORK_HEADER = YES;
				CLANG_WARN_RANGE_LOOP_ANALYSIS = YES;
				CLANG_WARN_STRICT_PROTOTYPES = YES;
				CLANG_WARN_SUSPICIOUS_MOVE = YES;
				CLANG_WARN_UNGUARDED_AVAILABILITY = YES_AGGRESSIVE;
				CLANG_WARN_UNREACHABLE_CODE = YES;
				CLANG_WARN__DUPLICATE_METHOD_MATCH = YES;
				COPY_PHASE_STRIP = NO;
				DEBUG_INFORMATION_FORMAT = dwarf;
				ENABLE_STRICT_OBJC_MSGSEND = YES;
				ENABLE_TESTABILITY = YES;
				GCC_C_LANGUAGE_STANDARD = gnu11;
				GCC_DYNAMIC_NO_PIC = NO;
				GCC_NO_COMMON_BLOCKS = YES;
				GCC_OPTIMIZATION_LEVEL = 0;
				GCC_PREPROCESSOR_DEFINITIONS = (
					"DEBUG=1",
					"$(inherited)",
				);
				GCC_WARN_64_TO_32_BIT_CONVERSION = YES;
				GCC_WARN_ABOUT_RETURN_TYPE = YES_ERROR;
				GCC_WARN_UNDECLARED_SELECTOR = YES;
				GCC_WARN_UNINITIALIZED_AUTOS = YES_AGGRESSIVE;
				GCC_WARN_UNUSED_FUNCTION = YES;
				GCC_WARN_UNUSED_VARIABLE = YES;
				IPHONEOS_DEPLOYMENT_TARGET = 16.4;
				MTL_ENABLE_DEBUG_INFO = INCLUDE_SOURCE;
				MTL_FAST_MATH = YES;
				ONLY_ACTIVE_ARCH = YES;
				SDKROOT = iphoneos;
				SWIFT_ACTIVE_COMPILATION_CONDITIONS = DEBUG;
				SWIFT_OPTIMIZATION_LEVEL = "-Onone";
			};
			name = Debug;
		};
		E9AC51AC2A9949AF00319A7D /* Release */ = {
			isa = XCBuildConfiguration;
			buildSettings = {
				ALWAYS_SEARCH_USER_PATHS = NO;
				CLANG_ANALYZER_NONNULL = YES;
				CLANG_ANALYZER_NUMBER_OBJECT_CONVERSION = YES_AGGRESSIVE;
				CLANG_CXX_LANGUAGE_STANDARD = "gnu++20";
				CLANG_ENABLE_MODULES = YES;
				CLANG_ENABLE_OBJC_ARC = YES;
				CLANG_ENABLE_OBJC_WEAK = YES;
				CLANG_WARN_BLOCK_CAPTURE_AUTORELEASING = YES;
				CLANG_WARN_BOOL_CONVERSION = YES;
				CLANG_WARN_COMMA = YES;
				CLANG_WARN_CONSTANT_CONVERSION = YES;
				CLANG_WARN_DEPRECATED_OBJC_IMPLEMENTATIONS = YES;
				CLANG_WARN_DIRECT_OBJC_ISA_USAGE = YES_ERROR;
				CLANG_WARN_DOCUMENTATION_COMMENTS = YES;
				CLANG_WARN_EMPTY_BODY = YES;
				CLANG_WARN_ENUM_CONVERSION = YES;
				CLANG_WARN_INFINITE_RECURSION = YES;
				CLANG_WARN_INT_CONVERSION = YES;
				CLANG_WARN_NON_LITERAL_NULL_CONVERSION = YES;
				CLANG_WARN_OBJC_IMPLICIT_RETAIN_SELF = YES;
				CLANG_WARN_OBJC_LITERAL_CONVERSION = YES;
				CLANG_WARN_OBJC_ROOT_CLASS = YES_ERROR;
				CLANG_WARN_QUOTED_INCLUDE_IN_FRAMEWORK_HEADER = YES;
				CLANG_WARN_RANGE_LOOP_ANALYSIS = YES;
				CLANG_WARN_STRICT_PROTOTYPES = YES;
				CLANG_WARN_SUSPICIOUS_MOVE = YES;
				CLANG_WARN_UNGUARDED_AVAILABILITY = YES_AGGRESSIVE;
				CLANG_WARN_UNREACHABLE_CODE = YES;
				CLANG_WARN__DUPLICATE_METHOD_MATCH = YES;
				COPY_PHASE_STRIP = NO;
				DEBUG_INFORMATION_FORMAT = "dwarf-with-dsym";
				ENABLE_NS_ASSERTIONS = NO;
				ENABLE_STRICT_OBJC_MSGSEND = YES;
				GCC_C_LANGUAGE_STANDARD = gnu11;
				GCC_NO_COMMON_BLOCKS = YES;
				GCC_WARN_64_TO_32_BIT_CONVERSION = YES;
				GCC_WARN_ABOUT_RETURN_TYPE = YES_ERROR;
				GCC_WARN_UNDECLARED_SELECTOR = YES;
				GCC_WARN_UNINITIALIZED_AUTOS = YES_AGGRESSIVE;
				GCC_WARN_UNUSED_FUNCTION = YES;
				GCC_WARN_UNUSED_VARIABLE = YES;
				IPHONEOS_DEPLOYMENT_TARGET = 16.4;
				MTL_ENABLE_DEBUG_INFO = NO;
				MTL_FAST_MATH = YES;
				SDKROOT = iphoneos;
				SWIFT_COMPILATION_MODE = wholemodule;
				SWIFT_OPTIMIZATION_LEVEL = "-O";
				VALIDATE_PRODUCT = YES;
			};
			name = Release;
		};
		E9AC51AE2A9949AF00319A7D /* Debug */ = {
			isa = XCBuildConfiguration;
			buildSettings = {
				ASSETCATALOG_COMPILER_APPICON_NAME = AppIcon;
				ASSETCATALOG_COMPILER_GLOBAL_ACCENT_COLOR_NAME = AccentColor;
				CODE_SIGN_STYLE = Automatic;
				CURRENT_PROJECT_VERSION = 1;
				DEVELOPMENT_ASSET_PATHS = "\"Weather/Preview Content\"";
				ENABLE_PREVIEWS = YES;
				GENERATE_INFOPLIST_FILE = YES;
				INFOPLIST_KEY_UIApplicationSceneManifest_Generation = YES;
				INFOPLIST_KEY_UIApplicationSupportsIndirectInputEvents = YES;
				INFOPLIST_KEY_UILaunchScreen_Generation = YES;
				INFOPLIST_KEY_UISupportedInterfaceOrientations_iPad = "UIInterfaceOrientationPortrait UIInterfaceOrientationPortraitUpsideDown UIInterfaceOrientationLandscapeLeft UIInterfaceOrientationLandscapeRight";
				INFOPLIST_KEY_UISupportedInterfaceOrientations_iPhone = "UIInterfaceOrientationPortrait UIInterfaceOrientationLandscapeLeft UIInterfaceOrientationLandscapeRight";
				IPHONEOS_DEPLOYMENT_TARGET = 15.0;
				LD_RUNPATH_SEARCH_PATHS = (
					"$(inherited)",
					"@executable_path/Frameworks",
				);
				MARKETING_VERSION = 1.0;
				PRODUCT_BUNDLE_IDENTIFIER = com.rajusmail444.Weather;
				PRODUCT_NAME = "$(TARGET_NAME)";
				SWIFT_EMIT_LOC_STRINGS = YES;
				SWIFT_VERSION = 5.0;
				TARGETED_DEVICE_FAMILY = "1,2";
			};
			name = Debug;
		};
		E9AC51AF2A9949AF00319A7D /* Release */ = {
			isa = XCBuildConfiguration;
			buildSettings = {
				ASSETCATALOG_COMPILER_APPICON_NAME = AppIcon;
				ASSETCATALOG_COMPILER_GLOBAL_ACCENT_COLOR_NAME = AccentColor;
				CODE_SIGN_STYLE = Automatic;
				CURRENT_PROJECT_VERSION = 1;
				DEVELOPMENT_ASSET_PATHS = "\"Weather/Preview Content\"";
				ENABLE_PREVIEWS = YES;
				GENERATE_INFOPLIST_FILE = YES;
				INFOPLIST_KEY_UIApplicationSceneManifest_Generation = YES;
				INFOPLIST_KEY_UIApplicationSupportsIndirectInputEvents = YES;
				INFOPLIST_KEY_UILaunchScreen_Generation = YES;
				INFOPLIST_KEY_UISupportedInterfaceOrientations_iPad = "UIInterfaceOrientationPortrait UIInterfaceOrientationPortraitUpsideDown UIInterfaceOrientationLandscapeLeft UIInterfaceOrientationLandscapeRight";
				INFOPLIST_KEY_UISupportedInterfaceOrientations_iPhone = "UIInterfaceOrientationPortrait UIInterfaceOrientationLandscapeLeft UIInterfaceOrientationLandscapeRight";
				IPHONEOS_DEPLOYMENT_TARGET = 15.0;
				LD_RUNPATH_SEARCH_PATHS = (
					"$(inherited)",
					"@executable_path/Frameworks",
				);
				MARKETING_VERSION = 1.0;
				PRODUCT_BUNDLE_IDENTIFIER = com.rajusmail444.Weather;
				PRODUCT_NAME = "$(TARGET_NAME)";
				SWIFT_EMIT_LOC_STRINGS = YES;
				SWIFT_VERSION = 5.0;
				TARGETED_DEVICE_FAMILY = "1,2";
			};
			name = Release;
		};
		E9AC51B12A9949AF00319A7D /* Debug */ = {
			isa = XCBuildConfiguration;
			buildSettings = {
				ALWAYS_EMBED_SWIFT_STANDARD_LIBRARIES = YES;
				BUNDLE_LOADER = "$(TEST_HOST)";
				CODE_SIGN_STYLE = Automatic;
				CURRENT_PROJECT_VERSION = 1;
				GENERATE_INFOPLIST_FILE = YES;
				IPHONEOS_DEPLOYMENT_TARGET = 16.4;
				MARKETING_VERSION = 1.0;
				PRODUCT_BUNDLE_IDENTIFIER = com.rajusmail444.WeatherTests;
				PRODUCT_NAME = "$(TARGET_NAME)";
				SWIFT_EMIT_LOC_STRINGS = NO;
				SWIFT_VERSION = 5.0;
				TARGETED_DEVICE_FAMILY = "1,2";
				TEST_HOST = "$(BUILT_PRODUCTS_DIR)/Weather.app/$(BUNDLE_EXECUTABLE_FOLDER_PATH)/Weather";
			};
			name = Debug;
		};
		E9AC51B22A9949AF00319A7D /* Release */ = {
			isa = XCBuildConfiguration;
			buildSettings = {
				ALWAYS_EMBED_SWIFT_STANDARD_LIBRARIES = YES;
				BUNDLE_LOADER = "$(TEST_HOST)";
				CODE_SIGN_STYLE = Automatic;
				CURRENT_PROJECT_VERSION = 1;
				GENERATE_INFOPLIST_FILE = YES;
				IPHONEOS_DEPLOYMENT_TARGET = 16.4;
				MARKETING_VERSION = 1.0;
				PRODUCT_BUNDLE_IDENTIFIER = com.rajusmail444.WeatherTests;
				PRODUCT_NAME = "$(TARGET_NAME)";
				SWIFT_EMIT_LOC_STRINGS = NO;
				SWIFT_VERSION = 5.0;
				TARGETED_DEVICE_FAMILY = "1,2";
				TEST_HOST = "$(BUILT_PRODUCTS_DIR)/Weather.app/$(BUNDLE_EXECUTABLE_FOLDER_PATH)/Weather";
			};
			name = Release;
		};
		E9AC51B42A9949AF00319A7D /* Debug */ = {
			isa = XCBuildConfiguration;
			buildSettings = {
				ALWAYS_EMBED_SWIFT_STANDARD_LIBRARIES = YES;
				CODE_SIGN_STYLE = Automatic;
				CURRENT_PROJECT_VERSION = 1;
				GENERATE_INFOPLIST_FILE = YES;
				MARKETING_VERSION = 1.0;
				PRODUCT_BUNDLE_IDENTIFIER = com.rajusmail444.WeatherUITests;
				PRODUCT_NAME = "$(TARGET_NAME)";
				SWIFT_EMIT_LOC_STRINGS = NO;
				SWIFT_VERSION = 5.0;
				TARGETED_DEVICE_FAMILY = "1,2";
				TEST_TARGET_NAME = Weather;
			};
			name = Debug;
		};
		E9AC51B52A9949AF00319A7D /* Release */ = {
			isa = XCBuildConfiguration;
			buildSettings = {
				ALWAYS_EMBED_SWIFT_STANDARD_LIBRARIES = YES;
				CODE_SIGN_STYLE = Automatic;
				CURRENT_PROJECT_VERSION = 1;
				GENERATE_INFOPLIST_FILE = YES;
				MARKETING_VERSION = 1.0;
				PRODUCT_BUNDLE_IDENTIFIER = com.rajusmail444.WeatherUITests;
				PRODUCT_NAME = "$(TARGET_NAME)";
				SWIFT_EMIT_LOC_STRINGS = NO;
				SWIFT_VERSION = 5.0;
				TARGETED_DEVICE_FAMILY = "1,2";
				TEST_TARGET_NAME = Weather;
			};
			name = Release;
		};
/* End XCBuildConfiguration section */

/* Begin XCConfigurationList section */
		E9AC51842A9949AE00319A7D /* Build configuration list for PBXProject "Weather" */ = {
			isa = XCConfigurationList;
			buildConfigurations = (
				E9AC51AB2A9949AF00319A7D /* Debug */,
				E9AC51AC2A9949AF00319A7D /* Release */,
			);
			defaultConfigurationIsVisible = 0;
			defaultConfigurationName = Release;
		};
		E9AC51AD2A9949AF00319A7D /* Build configuration list for PBXNativeTarget "Weather" */ = {
			isa = XCConfigurationList;
			buildConfigurations = (
				E9AC51AE2A9949AF00319A7D /* Debug */,
				E9AC51AF2A9949AF00319A7D /* Release */,
			);
			defaultConfigurationIsVisible = 0;
			defaultConfigurationName = Release;
		};
		E9AC51B02A9949AF00319A7D /* Build configuration list for PBXNativeTarget "WeatherTests" */ = {
			isa = XCConfigurationList;
			buildConfigurations = (
				E9AC51B12A9949AF00319A7D /* Debug */,
				E9AC51B22A9949AF00319A7D /* Release */,
			);
			defaultConfigurationIsVisible = 0;
			defaultConfigurationName = Release;
		};
		E9AC51B32A9949AF00319A7D /* Build configuration list for PBXNativeTarget "WeatherUITests" */ = {
			isa = XCConfigurationList;
			buildConfigurations = (
				E9AC51B42A9949AF00319A7D /* Debug */,
				E9AC51B52A9949AF00319A7D /* Release */,
			);
			defaultConfigurationIsVisible = 0;
			defaultConfigurationName = Release;
		};
/* End XCConfigurationList section */
	};
	rootObject = E9AC51812A9949AE00319A7D /* Project object */;
}
